{
  "name": "rtmp",
  "version": "1.0.0",
  "lockfileVersion": 2,
  "requires": true,
  "packages": {
    "": {
      "name": "rtmp",
      "version": "1.0.0",
      "license": "ISC",
      "dependencies": {
        "node-media-server": "^1.0.0"
      }
    },
    "node_modules/node-media-server": {
      "version": "1.0.0",
      "resolved": "https://registry.npmjs.org/node-media-server/-/node-media-server-1.0.0.tgz",
      "integrity": "sha512-JxJD141BwsDhdf/41Ju+rvZd1dj80hF07QQqjroAvzzzii+f2zr9+tb3o2wbcxV9+Px2zbMqxBLyaDcnExQxuQ=="
    }
  },
  "dependencies": {
    "node-media-server": {
      "version": "1.0.0",
      "resolved": "https://registry.npmjs.org/node-media-server/-/node-media-server-1.0.0.tgz",
      "integrity": "sha512-JxJD141BwsDhdf/41Ju+rvZd1dj80hF07QQqjroAvzzzii+f2zr9+tb3o2wbcxV9+Px2zbMqxBLyaDcnExQxuQ=="
    }
  }
}
